
Microsoft Visual Studio Solution File, Format Version 12.00
# Visual Studio Version 16
VisualStudioVersion = 16.0.29709.97
MinimumVisualStudioVersion = 10.0.40219.1
Project("{F184B08F-C81C-45F6-A57F-5ABD9991F28F}") = "Connect", "Connect\Connect.vbproj", "{6A1F1349-371B-4C24-A09B-8D458CE2F16C}"
EndProject
Global
	GlobalSection(SolutionConfigurationPlatforms) = preSolution
		Debug|Any CPU = Debug|Any CPU
		Debug|x86 = Debug|x86
		Release|Any CPU = Release|Any CPU
		Release|x86 = Release|x86
	EndGlobalSection
	GlobalSection(ProjectConfigurationPlatforms) = postSolution
		{6A1F1349-371B-4C24-A09B-8D458CE2F16C}.Debug|Any CPU.ActiveCfg = Debug|Any CPU
		{6A1F1349-371B-4C24-A09B-8D458CE2F16C}.Debug|Any CPU.Build.0 = Debug|Any CPU
		{6A1F1349-371B-4C24-A09B-8D458CE2F16C}.Debug|x86.ActiveCfg = Debug|x86
		{6A1F1349-371B-4C24-A09B-8D458CE2F16C}.Debug|x86.Build.0 = Debug|x86
		{6A1F1349-371B-4C24-A09B-8D458CE2F16C}.Release|Any CPU.ActiveCfg = Release|Any CPU
		{6A1F1349-371B-4C24-A09B-8D458CE2F16C}.Release|Any CPU.Build.0 = Release|Any CPU
		{6A1F1349-371B-4C24-A09B-8D458CE2F16C}.Release|x86.ActiveCfg = Release|x86
		{6A1F1349-371B-4C24-A09B-8D458CE2F16C}.Release|x86.Build.0 = Release|x86
	EndGlobalSection
	GlobalSection(SolutionProperties) = preSolution
		HideSolutionNode = FALSE
	EndGlobalSection
	GlobalSection(ExtensibilityGlobals) = postSolution
		SolutionGuid = {0745B2C4-7019-4095-9199-8E2F20283611}
	EndGlobalSection
EndGlobal
